
Microsoft Visual Studio Solution File, Format Version 12.00
# Visual Studio Version 16
VisualStudioVersion = 16.0.31729.503
MinimumVisualStudioVersion = 10.0.40219.1
Project("{C9674DCB-5085-4A16-B785-4C70DD1589BD}") = "Ejercicio1", "Ejercicio1\Ejercicio1.dtproj", "{F2DE7937-BC4C-480D-96ED-2962759F565D}"
EndProject
Global
	GlobalSection(SolutionConfigurationPlatforms) = preSolution
		Development|Default = Development|Default
	EndGlobalSection
	GlobalSection(ProjectConfigurationPlatforms) = postSolution
		{F2DE7937-BC4C-480D-96ED-2962759F565D}.Development|Default.ActiveCfg = Development
		{F2DE7937-BC4C-480D-96ED-2962759F565D}.Development|Default.Build.0 = Development
	EndGlobalSection
	GlobalSection(SolutionProperties) = preSolution
		HideSolutionNode = FALSE
	EndGlobalSection
	GlobalSection(ExtensibilityGlobals) = postSolution
		SolutionGuid = {C06B282E-16EE-4ECE-99B2-A4909FABA4CF}
	EndGlobalSection
EndGlobal
